
Microsoft Visual Studio Solution File, Format Version 12.00
# Visual Studio Version 16
VisualStudioVersion = 16.0.29409.12
MinimumVisualStudioVersion = 10.0.40219.1
Project("{2150E333-8FDC-42A3-9474-1A3956D46DE8}") = "_Documentation", "_Documentation", "{CDFF7592-85F4-491C-8F64-951381695413}"
	ProjectSection(SolutionItems) = preProject
		ReadMe.md = ReadMe.md
	EndProjectSection
EndProject
Project("{2150E333-8FDC-42A3-9474-1A3956D46DE8}") = "Source", "Source", "{ADF00241-251B-4047-8F3D-A1826D03D0A4}"
	ProjectSection(SolutionItems) = preProject
		Source\ReadMe.md = Source\ReadMe.md
	EndProjectSection
EndProject
Project("{2150E333-8FDC-42A3-9474-1A3956D46DE8}") = "Tests", "Tests", "{825F35F5-EBFB-4CAD-A2EC-A4C15F84E806}"
	ProjectSection(SolutionItems) = preProject
		Tests\ReadMe.md = Tests\ReadMe.md
	EndProjectSection
EndProject
Project("{2150E333-8FDC-42A3-9474-1A3956D46DE8}") = "Domain", "Domain", "{F1254C1D-D703-42BA-B11F-B277F667CD23}"
EndProject
Project("{2150E333-8FDC-42A3-9474-1A3956D46DE8}") = "Infrastructure", "Infrastructure", "{6348C684-A789-4635-BD5E-CA2A4AFF71F4}"
EndProject
Project("{2150E333-8FDC-42A3-9474-1A3956D46DE8}") = "Presentation", "Presentation", "{5828D4DD-2CC3-4781-8B3B-93BF08187445}"
EndProject
Project("{2150E333-8FDC-42A3-9474-1A3956D46DE8}") = "UnitTests", "UnitTests", "{33B46F13-7522-4375-9641-BABD521ABC42}"
	ProjectSection(SolutionItems) = preProject
		Tests\UnitTests\ReadMe.md = Tests\UnitTests\ReadMe.md
		Tests\UnitTests\run-unit-tests.sh = Tests\UnitTests\run-unit-tests.sh
	EndProjectSection
EndProject
Project("{2150E333-8FDC-42A3-9474-1A3956D46DE8}") = "IntegrationTests", "IntegrationTests", "{C4A95A27-B6E3-49DC-B309-79ED1B79A1EB}"
	ProjectSection(SolutionItems) = preProject
		Tests\IntegrationTests\ReadMe.md = Tests\IntegrationTests\ReadMe.md
	EndProjectSection
EndProject
Project("{2150E333-8FDC-42A3-9474-1A3956D46DE8}") = "SystemTests", "SystemTests", "{23D80980-0E30-4AAE-87B9-3EA449A707B1}"
	ProjectSection(SolutionItems) = preProject
		Tests\SystemTests\ReadMe.md = Tests\SystemTests\ReadMe.md
		ToDo.txt = ToDo.txt
	EndProjectSection
EndProject
Project("{9A19103F-16F7-4668-BE54-9A1E7A4F7556}") = "Morsley.UK.YearPlanner.Users.API", "Source\Presentation\Morsley.UK.YearPlanner.Users.API\Morsley.UK.YearPlanner.Users.API.csproj", "{CB06953C-44C2-44D8-8A96-690E6E37E05D}"
EndProject
Project("{2150E333-8FDC-42A3-9474-1A3956D46DE8}") = "_Shared", "_Shared", "{BDCFDF11-39A9-4AF0-A87B-A933501FCF2C}"
EndProject
Project("{2150E333-8FDC-42A3-9474-1A3956D46DE8}") = "_Shared", "_Shared", "{AD92697E-5723-4595-A32D-2616953F2B16}"
EndProject
Project("{2150E333-8FDC-42A3-9474-1A3956D46DE8}") = "Pipelines", "Pipelines", "{620F8614-2C0F-40D1-99A7-6924BA8D6408}"
EndProject
Project("{2150E333-8FDC-42A3-9474-1A3956D46DE8}") = "CI", "CI", "{F49AB2BB-E4A9-43B7-B06A-AA18507F4847}"
	ProjectSection(SolutionItems) = preProject
		Pipelines\CI\pipeline.yaml = Pipelines\CI\pipeline.yaml
	EndProjectSection
EndProject
Project("{2150E333-8FDC-42A3-9474-1A3956D46DE8}") = "CD", "CD", "{F89BB4F2-C909-4364-B870-3795DA47D6D6}"
EndProject
Project("{2150E333-8FDC-42A3-9474-1A3956D46DE8}") = "Scripts", "Scripts", "{4FD94A8B-33B4-4EB2-A9DF-49B5FA5E45D3}"
	ProjectSection(SolutionItems) = preProject
		Pipelines\CI\Scripts\build.sh = Pipelines\CI\Scripts\build.sh
		Pipelines\CI\Scripts\clean.sh = Pipelines\CI\Scripts\clean.sh
		Pipelines\CI\Scripts\publish.sh = Pipelines\CI\Scripts\publish.sh
		Pipelines\CI\Scripts\restore.sh = Pipelines\CI\Scripts\restore.sh
		Pipelines\CI\Scripts\run-unit-tests.sh = Pipelines\CI\Scripts\run-unit-tests.sh
	EndProjectSection
EndProject
Project("{2150E333-8FDC-42A3-9474-1A3956D46DE8}") = "Concourse", "Concourse", "{FFCA2F07-6D0E-41C8-95B7-F7BEA0E47103}"
	ProjectSection(SolutionItems) = preProject
		Pipelines\Concourse\docker-compose.yaml = Pipelines\Concourse\docker-compose.yaml
	EndProjectSection
EndProject
Project("{2150E333-8FDC-42A3-9474-1A3956D46DE8}") = "Scripts", "Scripts", "{FC8194DD-CE02-4F39-B358-4CADEEEDD67C}"
	ProjectSection(SolutionItems) = preProject
		Pipelines\Scripts\header.sh = Pipelines\Scripts\header.sh
	EndProjectSection
EndProject
Project("{9A19103F-16F7-4668-BE54-9A1E7A4F7556}") = "Morsley.UK.YearPlanner.Users.Infrastructure", "Source\Infrastructure\Morsley.UK.YearPlanner.Users.Infrastructure\Morsley.UK.YearPlanner.Users.Infrastructure.csproj", "{F475D748-E4FF-4EDA-91C4-4C0613EA8D80}"
EndProject
Project("{9A19103F-16F7-4668-BE54-9A1E7A4F7556}") = "Morsley.UK.YearPlanner.Users.Domain", "Source\Domain\Morsley.UK.YearPlanner.Users.Domain\Morsley.UK.YearPlanner.Users.Domain.csproj", "{E508A9A3-AC3D-4AB5-8315-BA2A494B6A5E}"
EndProject
Project("{9A19103F-16F7-4668-BE54-9A1E7A4F7556}") = "Morsley.UK.YearPlanner.Users.Persistence", "Source\Infrastructure\Morsley.UK.YearPlanner.Users.Persistence\Morsley.UK.YearPlanner.Users.Persistence.csproj", "{E1D1023A-1A8B-4D6F-B830-08F813DBC576}"
EndProject
Project("{9A19103F-16F7-4668-BE54-9A1E7A4F7556}") = "Morsley.UK.YearPlanner.Users.Persistence.Console", "Source\Infrastructure\Morsley.UK.YearPlanner.Users.Persistence.Console\Morsley.UK.YearPlanner.Users.Persistence.Console.csproj", "{F71690BC-651D-4989-9FF2-7BB153F749BE}"
EndProject
Project("{9A19103F-16F7-4668-BE54-9A1E7A4F7556}") = "Morsley.UK.YearPlanner.Users.Shared", "Source\_Shared\Morsley.UK.YearPlanner.Users.Shared\Morsley.UK.YearPlanner.Users.Shared.csproj", "{E7DD2BFF-956D-4466-AA5E-C77DF48EFCB3}"
EndProject
Project("{9A19103F-16F7-4668-BE54-9A1E7A4F7556}") = "Morsley.UK.YearPlanner.Users.Application", "Source\Domain\Morsley.UK.YearPlanner.Users.Application\Morsley.UK.YearPlanner.Users.Application.csproj", "{114DE527-FB96-403A-91BB-6570F54C4F22}"
EndProject
Global
	GlobalSection(SolutionConfigurationPlatforms) = preSolution
		Debug|Any CPU = Debug|Any CPU
		Release|Any CPU = Release|Any CPU
	EndGlobalSection
	GlobalSection(ProjectConfigurationPlatforms) = postSolution
		{CB06953C-44C2-44D8-8A96-690E6E37E05D}.Debug|Any CPU.ActiveCfg = Debug|Any CPU
		{CB06953C-44C2-44D8-8A96-690E6E37E05D}.Debug|Any CPU.Build.0 = Debug|Any CPU
		{CB06953C-44C2-44D8-8A96-690E6E37E05D}.Release|Any CPU.ActiveCfg = Release|Any CPU
		{CB06953C-44C2-44D8-8A96-690E6E37E05D}.Release|Any CPU.Build.0 = Release|Any CPU
		{F475D748-E4FF-4EDA-91C4-4C0613EA8D80}.Debug|Any CPU.ActiveCfg = Debug|Any CPU
		{F475D748-E4FF-4EDA-91C4-4C0613EA8D80}.Debug|Any CPU.Build.0 = Debug|Any CPU
		{F475D748-E4FF-4EDA-91C4-4C0613EA8D80}.Release|Any CPU.ActiveCfg = Release|Any CPU
		{F475D748-E4FF-4EDA-91C4-4C0613EA8D80}.Release|Any CPU.Build.0 = Release|Any CPU
		{E508A9A3-AC3D-4AB5-8315-BA2A494B6A5E}.Debug|Any CPU.ActiveCfg = Debug|Any CPU
		{E508A9A3-AC3D-4AB5-8315-BA2A494B6A5E}.Debug|Any CPU.Build.0 = Debug|Any CPU
		{E508A9A3-AC3D-4AB5-8315-BA2A494B6A5E}.Release|Any CPU.ActiveCfg = Release|Any CPU
		{E508A9A3-AC3D-4AB5-8315-BA2A494B6A5E}.Release|Any CPU.Build.0 = Release|Any CPU
		{E1D1023A-1A8B-4D6F-B830-08F813DBC576}.Debug|Any CPU.ActiveCfg = Debug|Any CPU
		{E1D1023A-1A8B-4D6F-B830-08F813DBC576}.Debug|Any CPU.Build.0 = Debug|Any CPU
		{E1D1023A-1A8B-4D6F-B830-08F813DBC576}.Release|Any CPU.ActiveCfg = Release|Any CPU
		{E1D1023A-1A8B-4D6F-B830-08F813DBC576}.Release|Any CPU.Build.0 = Release|Any CPU
		{F71690BC-651D-4989-9FF2-7BB153F749BE}.Debug|Any CPU.ActiveCfg = Debug|Any CPU
		{F71690BC-651D-4989-9FF2-7BB153F749BE}.Debug|Any CPU.Build.0 = Debug|Any CPU
		{F71690BC-651D-4989-9FF2-7BB153F749BE}.Release|Any CPU.ActiveCfg = Release|Any CPU
		{F71690BC-651D-4989-9FF2-7BB153F749BE}.Release|Any CPU.Build.0 = Release|Any CPU
		{E7DD2BFF-956D-4466-AA5E-C77DF48EFCB3}.Debug|Any CPU.ActiveCfg = Debug|Any CPU
		{E7DD2BFF-956D-4466-AA5E-C77DF48EFCB3}.Debug|Any CPU.Build.0 = Debug|Any CPU
		{E7DD2BFF-956D-4466-AA5E-C77DF48EFCB3}.Release|Any CPU.ActiveCfg = Release|Any CPU
		{E7DD2BFF-956D-4466-AA5E-C77DF48EFCB3}.Release|Any CPU.Build.0 = Release|Any CPU
		{114DE527-FB96-403A-91BB-6570F54C4F22}.Debug|Any CPU.ActiveCfg = Debug|Any CPU
		{114DE527-FB96-403A-91BB-6570F54C4F22}.Debug|Any CPU.Build.0 = Debug|Any CPU
		{114DE527-FB96-403A-91BB-6570F54C4F22}.Release|Any CPU.ActiveCfg = Release|Any CPU
		{114DE527-FB96-403A-91BB-6570F54C4F22}.Release|Any CPU.Build.0 = Release|Any CPU
	EndGlobalSection
	GlobalSection(SolutionProperties) = preSolution
		HideSolutionNode = FALSE
	EndGlobalSection
	GlobalSection(NestedProjects) = preSolution
		{F1254C1D-D703-42BA-B11F-B277F667CD23} = {ADF00241-251B-4047-8F3D-A1826D03D0A4}
		{6348C684-A789-4635-BD5E-CA2A4AFF71F4} = {ADF00241-251B-4047-8F3D-A1826D03D0A4}
		{5828D4DD-2CC3-4781-8B3B-93BF08187445} = {ADF00241-251B-4047-8F3D-A1826D03D0A4}
		{33B46F13-7522-4375-9641-BABD521ABC42} = {825F35F5-EBFB-4CAD-A2EC-A4C15F84E806}
		{C4A95A27-B6E3-49DC-B309-79ED1B79A1EB} = {825F35F5-EBFB-4CAD-A2EC-A4C15F84E806}
		{23D80980-0E30-4AAE-87B9-3EA449A707B1} = {825F35F5-EBFB-4CAD-A2EC-A4C15F84E806}
		{CB06953C-44C2-44D8-8A96-690E6E37E05D} = {5828D4DD-2CC3-4781-8B3B-93BF08187445}
		{BDCFDF11-39A9-4AF0-A87B-A933501FCF2C} = {825F35F5-EBFB-4CAD-A2EC-A4C15F84E806}
		{AD92697E-5723-4595-A32D-2616953F2B16} = {ADF00241-251B-4047-8F3D-A1826D03D0A4}
		{F49AB2BB-E4A9-43B7-B06A-AA18507F4847} = {620F8614-2C0F-40D1-99A7-6924BA8D6408}
		{F89BB4F2-C909-4364-B870-3795DA47D6D6} = {620F8614-2C0F-40D1-99A7-6924BA8D6408}
		{4FD94A8B-33B4-4EB2-A9DF-49B5FA5E45D3} = {F49AB2BB-E4A9-43B7-B06A-AA18507F4847}
		{FFCA2F07-6D0E-41C8-95B7-F7BEA0E47103} = {620F8614-2C0F-40D1-99A7-6924BA8D6408}
		{FC8194DD-CE02-4F39-B358-4CADEEEDD67C} = {620F8614-2C0F-40D1-99A7-6924BA8D6408}
		{F475D748-E4FF-4EDA-91C4-4C0613EA8D80} = {6348C684-A789-4635-BD5E-CA2A4AFF71F4}
		{E508A9A3-AC3D-4AB5-8315-BA2A494B6A5E} = {F1254C1D-D703-42BA-B11F-B277F667CD23}
		{E1D1023A-1A8B-4D6F-B830-08F813DBC576} = {6348C684-A789-4635-BD5E-CA2A4AFF71F4}
		{F71690BC-651D-4989-9FF2-7BB153F749BE} = {6348C684-A789-4635-BD5E-CA2A4AFF71F4}
		{E7DD2BFF-956D-4466-AA5E-C77DF48EFCB3} = {AD92697E-5723-4595-A32D-2616953F2B16}
		{114DE527-FB96-403A-91BB-6570F54C4F22} = {F1254C1D-D703-42BA-B11F-B277F667CD23}
	EndGlobalSection
	GlobalSection(ExtensibilityGlobals) = postSolution
		SolutionGuid = {A59CD7FB-A695-4D5C-B7EF-4734AB93DB9C}
	EndGlobalSection
EndGlobal
